<Solution>
  <Folder Name="/examples/">
    <Project Path="examples/BasicUsage/BasicUsage.csproj" />
  </Folder>
  <Folder Name="/src/">
    <Project Path="src/CsharpBgapi/CsharpBgapi.csproj" />
  </Folder>
  <Folder Name="/tests/">
    <Project Path="tests/CsharpBgapi.Tests/CsharpBgapi.Tests.csproj" />
  </Folder>
</Solution>
